// !$*UTF8*$!
{
	archiveVersion = 1;
	classes = {
	};
	objectVersion = 56;
	objects = {

/* Begin PBXBuildFile section */
		30054CAF2997A954000307CC /* AppDelegate.swift in Sources */ = {isa = PBXBuildFile; fileRef = 30054CAE2997A954000307CC /* AppDelegate.swift */; };
		30054CB12997A954000307CC /* SceneDelegate.swift in Sources */ = {isa = PBXBuildFile; fileRef = 30054CB02997A954000307CC /* SceneDelegate.swift */; };
		30054CB32997A954000307CC /* ViewController.swift in Sources */ = {isa = PBXBuildFile; fileRef = 30054CB22997A954000307CC /* ViewController.swift */; };
		30054CB82997A955000307CC /* Assets.xcassets in Resources */ = {isa = PBXBuildFile; fileRef = 30054CB72997A955000307CC /* Assets.xcassets */; };
		30054CBB2997A955000307CC /* LaunchScreen.storyboard in Resources */ = {isa = PBXBuildFile; fileRef = 30054CB92997A955000307CC /* LaunchScreen.storyboard */; };
		30054CC62997BCFA000307CC /* MainView.swift in Sources */ = {isa = PBXBuildFile; fileRef = 30054CC52997BCFA000307CC /* MainView.swift */; };
		301174C429A365D400417DBA /* Movie.swift in Sources */ = {isa = PBXBuildFile; fileRef = 301174C329A365D400417DBA /* Movie.swift */; };
		301174C629A3660500417DBA /* DataManager.swift in Sources */ = {isa = PBXBuildFile; fileRef = 301174C529A3660500417DBA /* DataManager.swift */; };
		301174C829A396CB00417DBA /* MainTableViewCell.swift in Sources */ = {isa = PBXBuildFile; fileRef = 301174C729A396CB00417DBA /* MainTableViewCell.swift */; };
		301174CC29A398AB00417DBA /* NextViewController.swift in Sources */ = {isa = PBXBuildFile; fileRef = 301174CB29A398AB00417DBA /* NextViewController.swift */; };
/* End PBXBuildFile section */

/* Begin PBXFileReference section */
		30054CAB2997A954000307CC /* UIKit Code.app */ = {isa = PBXFileReference; explicitFileType = wrapper.application; includeInIndex = 0; path = "UIKit Code.app"; sourceTree = BUILT_PRODUCTS_DIR; };
		30054CAE2997A954000307CC /* AppDelegate.swift */ = {isa = PBXFileReference; lastKnownFileType = sourcecode.swift; path = AppDelegate.swift; sourceTree = "<group>"; };
		30054CB02997A954000307CC /* SceneDelegate.swift */ = {isa = PBXFileReference; lastKnownFileType = sourcecode.swift; path = SceneDelegate.swift; sourceTree = "<group>"; };
		30054CB22997A954000307CC /* ViewController.swift */ = {isa = PBXFileReference; lastKnownFileType = sourcecode.swift; path = ViewController.swift; sourceTree = "<group>"; };
		30054CB72997A955000307CC /* Assets.xcassets */ = {isa = PBXFileReference; lastKnownFileType = folder.assetcatalog; path = Assets.xcassets; sourceTree = "<group>"; };
		30054CBA2997A955000307CC /* Base */ = {isa = PBXFileReference; lastKnownFileType = file.storyboard; name = Base; path = Base.lproj/LaunchScreen.storyboard; sourceTree = "<group>"; };
		30054CBC2997A955000307CC /* Info.plist */ = {isa = PBXFileReference; lastKnownFileType = text.plist.xml; path = Info.plist; sourceTree = "<group>"; };
		30054CC52997BCFA000307CC /* MainView.swift */ = {isa = PBXFileReference; lastKnownFileType = sourcecode.swift; path = MainView.swift; sourceTree = "<group>"; wrapsLines = 0; };
		301174C329A365D400417DBA /* Movie.swift */ = {isa = PBXFileReference; fileEncoding = 4; lastKnownFileType = sourcecode.swift; path = Movie.swift; sourceTree = "<group>"; };
		301174C529A3660500417DBA /* DataManager.swift */ = {isa = PBXFileReference; fileEncoding = 4; lastKnownFileType = sourcecode.swift; path = DataManager.swift; sourceTree = "<group>"; };
		301174C729A396CB00417DBA /* MainTableViewCell.swift */ = {isa = PBXFileReference; lastKnownFileType = sourcecode.swift; path = MainTableViewCell.swift; sourceTree = "<group>"; };
		301174CB29A398AB00417DBA /* NextViewController.swift */ = {isa = PBXFileReference; lastKnownFileType = sourcecode.swift; path = NextViewController.swift; sourceTree = "<group>"; };
/* End PBXFileReference section */

/* Begin PBXFrameworksBuildPhase section */
		30054CA82997A954000307CC /* Frameworks */ = {
			isa = PBXFrameworksBuildPhase;
			buildActionMask = 2147483647;
			files = (
			);
			runOnlyForDeploymentPostprocessing = 0;
		};
/* End PBXFrameworksBuildPhase section */

/* Begin PBXGroup section */
		30054CA22997A954000307CC = {
			isa = PBXGroup;
			children = (
				30054CAD2997A954000307CC /* UIKit Code */,
				30054CAC2997A954000307CC /* Products */,
			);
			sourceTree = "<group>";
		};
		30054CAC2997A954000307CC /* Products */ = {
			isa = PBXGroup;
			children = (
				30054CAB2997A954000307CC /* UIKit Code.app */,
			);
			name = Products;
			sourceTree = "<group>";
		};
		30054CAD2997A954000307CC /* UIKit Code */ = {
			isa = PBXGroup;
			children = (
				30054CC42997BCB9000307CC /* Models */,
				30054CC32997BCA7000307CC /* Views */,
				30054CC22997BC8C000307CC /* Controllers */,
				30054CAE2997A954000307CC /* AppDelegate.swift */,
				30054CB02997A954000307CC /* SceneDelegate.swift */,
				30054CB72997A955000307CC /* Assets.xcassets */,
				30054CB92997A955000307CC /* LaunchScreen.storyboard */,
				30054CBC2997A955000307CC /* Info.plist */,
			);
			path = "UIKit Code";
			sourceTree = "<group>";
		};
		30054CC22997BC8C000307CC /* Controllers */ = {
			isa = PBXGroup;
			children = (
				30054CB22997A954000307CC /* ViewController.swift */,
				301174CB29A398AB00417DBA /* NextViewController.swift */,
			);
			path = Controllers;
			sourceTree = "<group>";
		};
		30054CC32997BCA7000307CC /* Views */ = {
			isa = PBXGroup;
			children = (
				30054CC52997BCFA000307CC /* MainView.swift */,
				301174C729A396CB00417DBA /* MainTableViewCell.swift */,
			);
			path = Views;
			sourceTree = "<group>";
		};
		30054CC42997BCB9000307CC /* Models */ = {
			isa = PBXGroup;
			children = (
				301174C329A365D400417DBA /* Movie.swift */,
				301174C529A3660500417DBA /* DataManager.swift */,
			);
			path = Models;
			sourceTree = "<group>";
		};
/* End PBXGroup section */

/* Begin PBXNativeTarget section */
		30054CAA2997A954000307CC /* UIKit Code */ = {
			isa = PBXNativeTarget;
			buildConfigurationList = 30054CBF2997A955000307CC /* Build configuration list for PBXNativeTarget "UIKit Code" */;
			buildPhases = (
				30054CA72997A954000307CC /* Sources */,
				30054CA82997A954000307CC /* Frameworks */,
				30054CA92997A954000307CC /* Resources */,
			);
			buildRules = (
			);
			dependencies = (
			);
			name = "UIKit Code";
			productName = "UIKit Code";
			productReference = 30054CAB2997A954000307CC /* UIKit Code.app */;
			productType = "com.apple.product-type.application";
		};
/* End PBXNativeTarget section */

/* Begin PBXProject section */
		30054CA32997A954000307CC /* Project object */ = {
			isa = PBXProject;
			attributes = {
				BuildIndependentTargetsInParallel = 1;
				LastSwiftUpdateCheck = 1420;
				LastUpgradeCheck = 1420;
				TargetAttributes = {
					30054CAA2997A954000307CC = {
						CreatedOnToolsVersion = 14.2;
					};
				};
			};
			buildConfigurationList = 30054CA62997A954000307CC /* Build configuration list for PBXProject "UIKit Code" */;
			compatibilityVersion = "Xcode 14.0";
			developmentRegion = en;
			hasScannedForEncodings = 0;
			knownRegions = (
				en,
				Base,
			);
			mainGroup = 30054CA22997A954000307CC;
			productRefGroup = 30054CAC2997A954000307CC /* Products */;
			projectDirPath = "";
			projectRoot = "";
			targets = (
				30054CAA2997A954000307CC /* UIKit Code */,
			);
		};
/* End PBXProject section */

/* Begin PBXResourcesBuildPhase section */
		30054CA92997A954000307CC /* Resources */ = {
			isa = PBXResourcesBuildPhase;
			buildActionMask = 2147483647;
			files = (
				30054CBB2997A955000307CC /* LaunchScreen.storyboard in Resources */,
				30054CB82997A955000307CC /* Assets.xcassets in Resources */,
			);
			runOnlyForDeploymentPostprocessing = 0;
		};
/* End PBXResourcesBuildPhase section */

/* Begin PBXSourcesBuildPhase section */
		30054CA72997A954000307CC /* Sources */ = {
			isa = PBXSourcesBuildPhase;
			buildActionMask = 2147483647;
			files = (
				301174C429A365D400417DBA /* Movie.swift in Sources */,
				301174CC29A398AB00417DBA /* NextViewController.swift in Sources */,
				301174C629A3660500417DBA /* DataManager.swift in Sources */,
				30054CB32997A954000307CC /* ViewController.swift in Sources */,
				301174C829A396CB00417DBA /* MainTableViewCell.swift in Sources */,
				30054CC62997BCFA000307CC /* MainView.swift in Sources */,
				30054CAF2997A954000307CC /* AppDelegate.swift in Sources */,
				30054CB12997A954000307CC /* SceneDelegate.swift in Sources */,
			);
			runOnlyForDeploymentPostprocessing = 0;
		};
/* End PBXSourcesBuildPhase section */

/* Begin PBXVariantGroup section */
		30054CB92997A955000307CC /* LaunchScreen.storyboard */ = {
			isa = PBXVariantGroup;
			children = (
				30054CBA2997A955000307CC /* Base */,
			);
			name = LaunchScreen.storyboard;
			sourceTree = "<group>";
		};
/* End PBXVariantGroup section */

/* Begin XCBuildConfiguration section */
		30054CBD2997A955000307CC /* Debug */ = {
			isa = XCBuildConfiguration;
			buildSettings = {
				ALWAYS_SEARCH_USER_PATHS = NO;
				CLANG_ANALYZER_NONNULL = YES;
				CLANG_ANALYZER_NUMBER_OBJECT_CONVERSION = YES_AGGRESSIVE;
				CLANG_CXX_LANGUAGE_STANDARD = "gnu++20";
				CLANG_ENABLE_MODULES = YES;
				CLANG_ENABLE_OBJC_ARC = YES;
				CLANG_ENABLE_OBJC_WEAK = YES;
				CLANG_WARN_BLOCK_CAPTURE_AUTORELEASING = YES;
				CLANG_WARN_BOOL_CONVERSION = YES;
				CLANG_WARN_COMMA = YES;
				CLANG_WARN_CONSTANT_CONVERSION = YES;
				CLANG_WARN_DEPRECATED_OBJC_IMPLEMENTATIONS = YES;
				CLANG_WARN_DIRECT_OBJC_ISA_USAGE = YES_ERROR;
				CLANG_WARN_DOCUMENTATION_COMMENTS = YES;
				CLANG_WARN_EMPTY_BODY = YES;
				CLANG_WARN_ENUM_CONVERSION = YES;
				CLANG_WARN_INFINITE_RECURSION = YES;
				CLANG_WARN_INT_CONVERSION = YES;
				CLANG_WARN_NON_LITERAL_NULL_CONVERSION = YES;
				CLANG_WARN_OBJC_IMPLICIT_RETAIN_SELF = YES;
				CLANG_WARN_OBJC_LITERAL_CONVERSION = YES;
				CLANG_WARN_OBJC_ROOT_CLASS = YES_ERROR;
				CLANG_WARN_QUOTED_INCLUDE_IN_FRAMEWORK_HEADER = YES;
				CLANG_WARN_RANGE_LOOP_ANALYSIS = YES;
				CLANG_WARN_STRICT_PROTOTYPES = YES;
				CLANG_WARN_SUSPICIOUS_MOVE = YES;
				CLANG_WARN_UNGUARDED_AVAILABILITY = YES_AGGRESSIVE;
				CLANG_WARN_UNREACHABLE_CODE = YES;
				CLANG_WARN__DUPLICATE_METHOD_MATCH = YES;
				COPY_PHASE_STRIP = NO;
				DEBUG_INFORMATION_FORMAT = dwarf;
				ENABLE_STRICT_OBJC_MSGSEND = YES;
				ENABLE_TESTABILITY = YES;
				GCC_C_LANGUAGE_STANDARD = gnu11;
				GCC_DYNAMIC_NO_PIC = NO;
				GCC_NO_COMMON_BLOCKS = YES;
				GCC_OPTIMIZATION_LEVEL = 0;
				GCC_PREPROCESSOR_DEFINITIONS = (
					"DEBUG=1",
					"$(inherited)",
				);
				GCC_WARN_64_TO_32_BIT_CONVERSION = YES;
				GCC_WARN_ABOUT_RETURN_TYPE = YES_ERROR;
				GCC_WARN_UNDECLARED_SELECTOR = YES;
				GCC_WARN_UNINITIALIZED_AUTOS = YES_AGGRESSIVE;
				GCC_WARN_UNUSED_FUNCTION = YES;
				GCC_WARN_UNUSED_VARIABLE = YES;
				IPHONEOS_DEPLOYMENT_TARGET = 16.2;
				MTL_ENABLE_DEBUG_INFO = INCLUDE_SOURCE;
				MTL_FAST_MATH = YES;
				ONLY_ACTIVE_ARCH = YES;
				SDKROOT = iphoneos;
				SWIFT_ACTIVE_COMPILATION_CONDITIONS = DEBUG;
				SWIFT_OPTIMIZATION_LEVEL = "-Onone";
			};
			name = Debug;
		};
		30054CBE2997A955000307CC /* Release */ = {
			isa = XCBuildConfiguration;
			buildSettings = {
				ALWAYS_SEARCH_USER_PATHS = NO;
				CLANG_ANALYZER_NONNULL = YES;
				CLANG_ANALYZER_NUMBER_OBJECT_CONVERSION = YES_AGGRESSIVE;
				CLANG_CXX_LANGUAGE_STANDARD = "gnu++20";
				CLANG_ENABLE_MODULES = YES;
				CLANG_ENABLE_OBJC_ARC = YES;
				CLANG_ENABLE_OBJC_WEAK = YES;
				CLANG_WARN_BLOCK_CAPTURE_AUTORELEASING = YES;
				CLANG_WARN_BOOL_CONVERSION = YES;
				CLANG_WARN_COMMA = YES;
				CLANG_WARN_CONSTANT_CONVERSION = YES;
				CLANG_WARN_DEPRECATED_OBJC_IMPLEMENTATIONS = YES;
				CLANG_WARN_DIRECT_OBJC_ISA_USAGE = YES_ERROR;
				CLANG_WARN_DOCUMENTATION_COMMENTS = YES;
				CLANG_WARN_EMPTY_BODY = YES;
				CLANG_WARN_ENUM_CONVERSION = YES;
				CLANG_WARN_INFINITE_RECURSION = YES;
				CLANG_WARN_INT_CONVERSION = YES;
				CLANG_WARN_NON_LITERAL_NULL_CONVERSION = YES;
				CLANG_WARN_OBJC_IMPLICIT_RETAIN_SELF = YES;
				CLANG_WARN_OBJC_LITERAL_CONVERSION = YES;
				CLANG_WARN_OBJC_ROOT_CLASS = YES_ERROR;
				CLANG_WARN_QUOTED_INCLUDE_IN_FRAMEWORK_HEADER = YES;
				CLANG_WARN_RANGE_LOOP_ANALYSIS = YES;
				CLANG_WARN_STRICT_PROTOTYPES = YES;
				CLANG_WARN_SUSPICIOUS_MOVE = YES;
				CLANG_WARN_UNGUARDED_AVAILABILITY = YES_AGGRESSIVE;
				CLANG_WARN_UNREACHABLE_CODE = YES;
				CLANG_WARN__DUPLICATE_METHOD_MATCH = YES;
				COPY_PHASE_STRIP = NO;
				DEBUG_INFORMATION_FORMAT = "dwarf-with-dsym";
				ENABLE_NS_ASSERTIONS = NO;
				ENABLE_STRICT_OBJC_MSGSEND = YES;
				GCC_C_LANGUAGE_STANDARD = gnu11;
				GCC_NO_COMMON_BLOCKS = YES;
				GCC_WARN_64_TO_32_BIT_CONVERSION = YES;
				GCC_WARN_ABOUT_RETURN_TYPE = YES_ERROR;
				GCC_WARN_UNDECLARED_SELECTOR = YES;
				GCC_WARN_UNINITIALIZED_AUTOS = YES_AGGRESSIVE;
				GCC_WARN_UNUSED_FUNCTION = YES;
				GCC_WARN_UNUSED_VARIABLE = YES;
				IPHONEOS_DEPLOYMENT_TARGET = 16.2;
				MTL_ENABLE_DEBUG_INFO = NO;
				MTL_FAST_MATH = YES;
				SDKROOT = iphoneos;
				SWIFT_COMPILATION_MODE = wholemodule;
				SWIFT_OPTIMIZATION_LEVEL = "-O";
				VALIDATE_PRODUCT = YES;
			};
			name = Release;
		};
		30054CC02997A955000307CC /* Debug */ = {
			isa = XCBuildConfiguration;
			buildSettings = {
				ASSETCATALOG_COMPILER_APPICON_NAME = AppIcon;
				ASSETCATALOG_COMPILER_GLOBAL_ACCENT_COLOR_NAME = AccentColor;
				CODE_SIGN_STYLE = Automatic;
				CURRENT_PROJECT_VERSION = 1;
				GENERATE_INFOPLIST_FILE = YES;
				INFOPLIST_FILE = "UIKit Code/Info.plist";
				INFOPLIST_KEY_UIApplicationSupportsIndirectInputEvents = YES;
				INFOPLIST_KEY_UILaunchStoryboardName = LaunchScreen;
				INFOPLIST_KEY_UIMainStoryboardFile = "";
				INFOPLIST_KEY_UISupportedInterfaceOrientations = UIInterfaceOrientationPortrait;
				INFOPLIST_KEY_UISupportedInterfaceOrientations_iPad = "UIInterfaceOrientationLandscapeLeft UIInterfaceOrientationLandscapeRight UIInterfaceOrientationPortrait UIInterfaceOrientationPortraitUpsideDown";
				IPHONEOS_DEPLOYMENT_TARGET = 13.0;
				LD_RUNPATH_SEARCH_PATHS = (
					"$(inherited)",
					"@executable_path/Frameworks",
				);
				MARKETING_VERSION = 1.0;
				PRODUCT_BUNDLE_IDENTIFIER = "com.jangwoojun.UIKit-Code";
				PRODUCT_NAME = "$(TARGET_NAME)";
				SUPPORTED_PLATFORMS = "iphoneos iphonesimulator";
				SUPPORTS_MACCATALYST = NO;
				SUPPORTS_MAC_DESIGNED_FOR_IPHONE_IPAD = NO;
				SWIFT_EMIT_LOC_STRINGS = YES;
				SWIFT_VERSION = 5.0;
				TARGETED_DEVICE_FAMILY = "1,2";
			};
			name = Debug;
		};
		30054CC12997A955000307CC /* Release */ = {
			isa = XCBuildConfiguration;
			buildSettings = {
				ASSETCATALOG_COMPILER_APPICON_NAME = AppIcon;
				ASSETCATALOG_COMPILER_GLOBAL_ACCENT_COLOR_NAME = AccentColor;
				CODE_SIGN_STYLE = Automatic;
				CURRENT_PROJECT_VERSION = 1;
				GENERATE_INFOPLIST_FILE = YES;
				INFOPLIST_FILE = "UIKit Code/Info.plist";
				INFOPLIST_KEY_UIApplicationSupportsIndirectInputEvents = YES;
				INFOPLIST_KEY_UILaunchStoryboardName = LaunchScreen;
				INFOPLIST_KEY_UIMainStoryboardFile = "";
				INFOPLIST_KEY_UISupportedInterfaceOrientations = UIInterfaceOrientationPortrait;
				INFOPLIST_KEY_UISupportedInterfaceOrientations_iPad = "UIInterfaceOrientationLandscapeLeft UIInterfaceOrientationLandscapeRight UIInterfaceOrientationPortrait UIInterfaceOrientationPortraitUpsideDown";
				IPHONEOS_DEPLOYMENT_TARGET = 13.0;
				LD_RUNPATH_SEARCH_PATHS = (
					"$(inherited)",
					"@executable_path/Frameworks",
				);
				MARKETING_VERSION = 1.0;
				PRODUCT_BUNDLE_IDENTIFIER = "com.jangwoojun.UIKit-Code";
				PRODUCT_NAME = "$(TARGET_NAME)";
				SUPPORTED_PLATFORMS = "iphoneos iphonesimulator";
				SUPPORTS_MACCATALYST = NO;
				SUPPORTS_MAC_DESIGNED_FOR_IPHONE_IPAD = NO;
				SWIFT_EMIT_LOC_STRINGS = YES;
				SWIFT_VERSION = 5.0;
				TARGETED_DEVICE_FAMILY = "1,2";
			};
			name = Release;
		};
/* End XCBuildConfiguration section */

/* Begin XCConfigurationList section */
		30054CA62997A954000307CC /* Build configuration list for PBXProject "UIKit Code" */ = {
			isa = XCConfigurationList;
			buildConfigurations = (
				30054CBD2997A955000307CC /* Debug */,
				30054CBE2997A955000307CC /* Release */,
			);
			defaultConfigurationIsVisible = 0;
			defaultConfigurationName = Release;
		};
		30054CBF2997A955000307CC /* Build configuration list for PBXNativeTarget "UIKit Code" */ = {
			isa = XCConfigurationList;
			buildConfigurations = (
				30054CC02997A955000307CC /* Debug */,
				30054CC12997A955000307CC /* Release */,
			);
			defaultConfigurationIsVisible = 0;
			defaultConfigurationName = Release;
		};
/* End XCConfigurationList section */
	};
	rootObject = 30054CA32997A954000307CC /* Project object */;
}
